{
  "object": {
    "pins": [
      {
        "package": "Qlift",
        "repositoryURL": "https://github.com/DimaRU/qlift",
        "state": {
          "branch": "master",
          "revision": "8429aea92259a8f7a1c1c5a61ccef50fc3f43485",
          "version": null
        }
      }
    ]
  },
  "version": 1
}
